
Microsoft Visual Studio Solution File, Format Version 12.00
# Visual Studio Version 17
VisualStudioVersion = 17.1.32228.430
MinimumVisualStudioVersion = 10.0.40219.1
Project("{FAE04EC0-301F-11D3-BF4B-00C04F79EFBC}") = "twitch_aio", "twitch_aio.csproj", "{A12626D2-76DA-424B-B0C9-DD2F44275E53}"
EndProject
Global
	GlobalSection(SolutionConfigurationPlatforms) = preSolution
		Debug|Any CPU = Debug|Any CPU
		Release|Any CPU = Release|Any CPU
	EndGlobalSection
	GlobalSection(ProjectConfigurationPlatforms) = postSolution
		{A12626D2-76DA-424B-B0C9-DD2F44275E53}.Debug|Any CPU.ActiveCfg = Debug|Any CPU
		{A12626D2-76DA-424B-B0C9-DD2F44275E53}.Debug|Any CPU.Build.0 = Debug|Any CPU
		{A12626D2-76DA-424B-B0C9-DD2F44275E53}.Release|Any CPU.ActiveCfg = Release|Any CPU
		{A12626D2-76DA-424B-B0C9-DD2F44275E53}.Release|Any CPU.Build.0 = Release|Any CPU
	EndGlobalSection
	GlobalSection(SolutionProperties) = preSolution
		HideSolutionNode = FALSE
	EndGlobalSection
	GlobalSection(ExtensibilityGlobals) = postSolution
		SolutionGuid = {47FF83DA-1D67-47DB-8D8D-5864724DD29E}
	EndGlobalSection
EndGlobal
